// !$*UTF8*$!
{
	archiveVersion = 1;
	classes = {
	};
	objectVersion = 46;
	objects = {

/* Begin PBXBuildFile section */
		A06C2D10613F130A686D3DB7 /* Pods_camtest1.framework in Frameworks */ = {isa = PBXBuildFile; fileRef = 2B971C4D9C43FE00EC8D946A /* Pods_camtest1.framework */; };
		C9499B111E23277F0038C948 /* whistle.wav in Resources */ = {isa = PBXBuildFile; fileRef = C9499B101E23277F0038C948 /* whistle.wav */; };
		C97116111E23005800BE4506 /* AppDelegate.swift in Sources */ = {isa = PBXBuildFile; fileRef = C97116101E23005800BE4506 /* AppDelegate.swift */; };
		C97116131E23005800BE4506 /* ViewController.swift in Sources */ = {isa = PBXBuildFile; fileRef = C97116121E23005800BE4506 /* ViewController.swift */; };
		C97116161E23005800BE4506 /* Main.storyboard in Resources */ = {isa = PBXBuildFile; fileRef = C97116141E23005800BE4506 /* Main.storyboard */; };
		C97116181E23005800BE4506 /* Assets.xcassets in Resources */ = {isa = PBXBuildFile; fileRef = C97116171E23005800BE4506 /* Assets.xcassets */; };
		C971161B1E23005800BE4506 /* LaunchScreen.storyboard in Resources */ = {isa = PBXBuildFile; fileRef = C97116191E23005800BE4506 /* LaunchScreen.storyboard */; };
		C97116261E23005900BE4506 /* camtest1Tests.swift in Sources */ = {isa = PBXBuildFile; fileRef = C97116251E23005900BE4506 /* camtest1Tests.swift */; };
		C97116311E23005900BE4506 /* camtest1UITests.swift in Sources */ = {isa = PBXBuildFile; fileRef = C97116301E23005900BE4506 /* camtest1UITests.swift */; };
		C9C9BF931E23027200CC3786 /* CameraManager.framework in Frameworks */ = {isa = PBXBuildFile; fileRef = C9C9BF921E23027100CC3786 /* CameraManager.framework */; };
		C9C9BFDC1E230BB300CC3786 /* ImageViewController.swift in Sources */ = {isa = PBXBuildFile; fileRef = C9C9BFDB1E230BB200CC3786 /* ImageViewController.swift */; };
/* End PBXBuildFile section */

/* Begin PBXContainerItemProxy section */
		C97116221E23005900BE4506 /* PBXContainerItemProxy */ = {
			isa = PBXContainerItemProxy;
			containerPortal = C97116051E23005700BE4506 /* Project object */;
			proxyType = 1;
			remoteGlobalIDString = C971160C1E23005800BE4506;
			remoteInfo = camtest1;
		};
		C971162D1E23005900BE4506 /* PBXContainerItemProxy */ = {
			isa = PBXContainerItemProxy;
			containerPortal = C97116051E23005700BE4506 /* Project object */;
			proxyType = 1;
			remoteGlobalIDString = C971160C1E23005800BE4506;
			remoteInfo = camtest1;
		};
/* End PBXContainerItemProxy section */

/* Begin PBXFileReference section */
		2B971C4D9C43FE00EC8D946A /* Pods_camtest1.framework */ = {isa = PBXFileReference; explicitFileType = wrapper.framework; includeInIndex = 0; path = Pods_camtest1.framework; sourceTree = BUILT_PRODUCTS_DIR; };
		BAEB8ED5BA342C33858F2499 /* Pods-camtest1.debug.xcconfig */ = {isa = PBXFileReference; includeInIndex = 1; lastKnownFileType = text.xcconfig; name = "Pods-camtest1.debug.xcconfig"; path = "Pods/Target Support Files/Pods-camtest1/Pods-camtest1.debug.xcconfig"; sourceTree = "<group>"; };
		C9499B101E23277F0038C948 /* whistle.wav */ = {isa = PBXFileReference; lastKnownFileType = audio.wav; path = whistle.wav; sourceTree = "<group>"; };
		C971160D1E23005800BE4506 /* camtest1.app */ = {isa = PBXFileReference; explicitFileType = wrapper.application; includeInIndex = 0; path = camtest1.app; sourceTree = BUILT_PRODUCTS_DIR; };
		C97116101E23005800BE4506 /* AppDelegate.swift */ = {isa = PBXFileReference; lastKnownFileType = sourcecode.swift; path = AppDelegate.swift; sourceTree = "<group>"; };
		C97116121E23005800BE4506 /* ViewController.swift */ = {isa = PBXFileReference; lastKnownFileType = sourcecode.swift; path = ViewController.swift; sourceTree = "<group>"; };
		C97116151E23005800BE4506 /* Base */ = {isa = PBXFileReference; lastKnownFileType = file.storyboard; name = Base; path = Base.lproj/Main.storyboard; sourceTree = "<group>"; };
		C97116171E23005800BE4506 /* Assets.xcassets */ = {isa = PBXFileReference; lastKnownFileType = folder.assetcatalog; path = Assets.xcassets; sourceTree = "<group>"; };
		C971161A1E23005800BE4506 /* Base */ = {isa = PBXFileReference; lastKnownFileType = file.storyboard; name = Base; path = Base.lproj/LaunchScreen.storyboard; sourceTree = "<group>"; };
		C971161C1E23005800BE4506 /* Info.plist */ = {isa = PBXFileReference; lastKnownFileType = text.plist.xml; path = Info.plist; sourceTree = "<group>"; };
		C97116211E23005900BE4506 /* camtest1Tests.xctest */ = {isa = PBXFileReference; explicitFileType = wrapper.cfbundle; includeInIndex = 0; path = camtest1Tests.xctest; sourceTree = BUILT_PRODUCTS_DIR; };
		C97116251E23005900BE4506 /* camtest1Tests.swift */ = {isa = PBXFileReference; lastKnownFileType = sourcecode.swift; path = camtest1Tests.swift; sourceTree = "<group>"; };
		C97116271E23005900BE4506 /* Info.plist */ = {isa = PBXFileReference; lastKnownFileType = text.plist.xml; path = Info.plist; sourceTree = "<group>"; };
		C971162C1E23005900BE4506 /* camtest1UITests.xctest */ = {isa = PBXFileReference; explicitFileType = wrapper.cfbundle; includeInIndex = 0; path = camtest1UITests.xctest; sourceTree = BUILT_PRODUCTS_DIR; };
		C97116301E23005900BE4506 /* camtest1UITests.swift */ = {isa = PBXFileReference; lastKnownFileType = sourcecode.swift; path = camtest1UITests.swift; sourceTree = "<group>"; };
		C97116321E23005900BE4506 /* Info.plist */ = {isa = PBXFileReference; lastKnownFileType = text.plist.xml; path = Info.plist; sourceTree = "<group>"; };
		C9C9BF921E23027100CC3786 /* CameraManager.framework */ = {isa = PBXFileReference; lastKnownFileType = wrapper.framework; name = CameraManager.framework; path = "../../../../Library/Developer/Xcode/DerivedData/camtest1-gutjmtmrxckatgckhvyrppptaghu/Build/Products/Debug-iphonesimulator/CameraManager/CameraManager.framework"; sourceTree = "<group>"; };
		C9C9BFDB1E230BB200CC3786 /* ImageViewController.swift */ = {isa = PBXFileReference; fileEncoding = 4; lastKnownFileType = sourcecode.swift; path = ImageViewController.swift; sourceTree = "<group>"; };
		D81DE55ABB44C6066E1AC7BC /* Pods-camtest1.release.xcconfig */ = {isa = PBXFileReference; includeInIndex = 1; lastKnownFileType = text.xcconfig; name = "Pods-camtest1.release.xcconfig"; path = "Pods/Target Support Files/Pods-camtest1/Pods-camtest1.release.xcconfig"; sourceTree = "<group>"; };
/* End PBXFileReference section */

/* Begin PBXFrameworksBuildPhase section */
		C971160A1E23005800BE4506 /* Frameworks */ = {
			isa = PBXFrameworksBuildPhase;
			buildActionMask = 2147483647;
			files = (
				C9C9BF931E23027200CC3786 /* CameraManager.framework in Frameworks */,
				A06C2D10613F130A686D3DB7 /* Pods_camtest1.framework in Frameworks */,
			);
			runOnlyForDeploymentPostprocessing = 0;
		};
		C971161E1E23005900BE4506 /* Frameworks */ = {
			isa = PBXFrameworksBuildPhase;
			buildActionMask = 2147483647;
			files = (
			);
			runOnlyForDeploymentPostprocessing = 0;
		};
		C97116291E23005900BE4506 /* Frameworks */ = {
			isa = PBXFrameworksBuildPhase;
			buildActionMask = 2147483647;
			files = (
			);
			runOnlyForDeploymentPostprocessing = 0;
		};
/* End PBXFrameworksBuildPhase section */

/* Begin PBXGroup section */
		5E7BD285E2CC89264D77EECB /* Pods */ = {
			isa = PBXGroup;
			children = (
				BAEB8ED5BA342C33858F2499 /* Pods-camtest1.debug.xcconfig */,
				D81DE55ABB44C6066E1AC7BC /* Pods-camtest1.release.xcconfig */,
			);
			name = Pods;
			sourceTree = "<group>";
		};
		B4EA6DC4416FD49FBBA8235C /* Frameworks */ = {
			isa = PBXGroup;
			children = (
				C9C9BF921E23027100CC3786 /* CameraManager.framework */,
				2B971C4D9C43FE00EC8D946A /* Pods_camtest1.framework */,
			);
			name = Frameworks;
			sourceTree = "<group>";
		};
		C97116041E23005700BE4506 = {
			isa = PBXGroup;
			children = (
				C971160F1E23005800BE4506 /* camtest1 */,
				C97116241E23005900BE4506 /* camtest1Tests */,
				C971162F1E23005900BE4506 /* camtest1UITests */,
				C971160E1E23005800BE4506 /* Products */,
				5E7BD285E2CC89264D77EECB /* Pods */,
				B4EA6DC4416FD49FBBA8235C /* Frameworks */,
			);
			sourceTree = "<group>";
		};
		C971160E1E23005800BE4506 /* Products */ = {
			isa = PBXGroup;
			children = (
				C971160D1E23005800BE4506 /* camtest1.app */,
				C97116211E23005900BE4506 /* camtest1Tests.xctest */,
				C971162C1E23005900BE4506 /* camtest1UITests.xctest */,
			);
			name = Products;
			sourceTree = "<group>";
		};
		C971160F1E23005800BE4506 /* camtest1 */ = {
			isa = PBXGroup;
			children = (
				C9499B101E23277F0038C948 /* whistle.wav */,
				C97116101E23005800BE4506 /* AppDelegate.swift */,
				C97116121E23005800BE4506 /* ViewController.swift */,
				C97116141E23005800BE4506 /* Main.storyboard */,
				C97116171E23005800BE4506 /* Assets.xcassets */,
				C97116191E23005800BE4506 /* LaunchScreen.storyboard */,
				C971161C1E23005800BE4506 /* Info.plist */,
				C9C9BFDB1E230BB200CC3786 /* ImageViewController.swift */,
			);
			path = camtest1;
			sourceTree = "<group>";
		};
		C97116241E23005900BE4506 /* camtest1Tests */ = {
			isa = PBXGroup;
			children = (
				C97116251E23005900BE4506 /* camtest1Tests.swift */,
				C97116271E23005900BE4506 /* Info.plist */,
			);
			path = camtest1Tests;
			sourceTree = "<group>";
		};
		C971162F1E23005900BE4506 /* camtest1UITests */ = {
			isa = PBXGroup;
			children = (
				C97116301E23005900BE4506 /* camtest1UITests.swift */,
				C97116321E23005900BE4506 /* Info.plist */,
			);
			path = camtest1UITests;
			sourceTree = "<group>";
		};
/* End PBXGroup section */

/* Begin PBXNativeTarget section */
		C971160C1E23005800BE4506 /* camtest1 */ = {
			isa = PBXNativeTarget;
			buildConfigurationList = C97116351E23005900BE4506 /* Build configuration list for PBXNativeTarget "camtest1" */;
			buildPhases = (
				43D1D5B1C8982E4769D96EB1 /* [CP] Check Pods Manifest.lock */,
				C97116091E23005800BE4506 /* Sources */,
				C971160A1E23005800BE4506 /* Frameworks */,
				C971160B1E23005800BE4506 /* Resources */,
				A7EEBC941C6322F49D8771B0 /* [CP] Embed Pods Frameworks */,
				9EA4FBA88B3E8A5CA007E7B3 /* [CP] Copy Pods Resources */,
			);
			buildRules = (
			);
			dependencies = (
			);
			name = camtest1;
			productName = camtest1;
			productReference = C971160D1E23005800BE4506 /* camtest1.app */;
			productType = "com.apple.product-type.application";
		};
		C97116201E23005900BE4506 /* camtest1Tests */ = {
			isa = PBXNativeTarget;
			buildConfigurationList = C97116381E23005900BE4506 /* Build configuration list for PBXNativeTarget "camtest1Tests" */;
			buildPhases = (
				C971161D1E23005900BE4506 /* Sources */,
				C971161E1E23005900BE4506 /* Frameworks */,
				C971161F1E23005900BE4506 /* Resources */,
			);
			buildRules = (
			);
			dependencies = (
				C97116231E23005900BE4506 /* PBXTargetDependency */,
			);
			name = camtest1Tests;
			productName = camtest1Tests;
			productReference = C97116211E23005900BE4506 /* camtest1Tests.xctest */;
			productType = "com.apple.product-type.bundle.unit-test";
		};
		C971162B1E23005900BE4506 /* camtest1UITests */ = {
			isa = PBXNativeTarget;
			buildConfigurationList = C971163B1E23005900BE4506 /* Build configuration list for PBXNativeTarget "camtest1UITests" */;
			buildPhases = (
				C97116281E23005900BE4506 /* Sources */,
				C97116291E23005900BE4506 /* Frameworks */,
				C971162A1E23005900BE4506 /* Resources */,
			);
			buildRules = (
			);
			dependencies = (
				C971162E1E23005900BE4506 /* PBXTargetDependency */,
			);
			name = camtest1UITests;
			productName = camtest1UITests;
			productReference = C971162C1E23005900BE4506 /* camtest1UITests.xctest */;
			productType = "com.apple.product-type.bundle.ui-testing";
		};
/* End PBXNativeTarget section */

/* Begin PBXProject section */
		C97116051E23005700BE4506 /* Project object */ = {
			isa = PBXProject;
			attributes = {
				LastSwiftUpdateCheck = 0810;
				LastUpgradeCheck = 0810;
				ORGANIZATIONNAME = BoulevardLabs;
				TargetAttributes = {
					C971160C1E23005800BE4506 = {
						CreatedOnToolsVersion = 8.1;
						DevelopmentTeam = HW39442X24;
						ProvisioningStyle = Automatic;
					};
					C97116201E23005900BE4506 = {
						CreatedOnToolsVersion = 8.1;
						DevelopmentTeam = HW39442X24;
						ProvisioningStyle = Automatic;
						TestTargetID = C971160C1E23005800BE4506;
					};
					C971162B1E23005900BE4506 = {
						CreatedOnToolsVersion = 8.1;
						DevelopmentTeam = HW39442X24;
						ProvisioningStyle = Automatic;
						TestTargetID = C971160C1E23005800BE4506;
					};
				};
			};
			buildConfigurationList = C97116081E23005700BE4506 /* Build configuration list for PBXProject "camtest1" */;
			compatibilityVersion = "Xcode 3.2";
			developmentRegion = English;
			hasScannedForEncodings = 0;
			knownRegions = (
				en,
				Base,
			);
			mainGroup = C97116041E23005700BE4506;
			productRefGroup = C971160E1E23005800BE4506 /* Products */;
			projectDirPath = "";
			projectRoot = "";
			targets = (
				C971160C1E23005800BE4506 /* camtest1 */,
				C97116201E23005900BE4506 /* camtest1Tests */,
				C971162B1E23005900BE4506 /* camtest1UITests */,
			);
		};
/* End PBXProject section */

/* Begin PBXResourcesBuildPhase section */
		C971160B1E23005800BE4506 /* Resources */ = {
			isa = PBXResourcesBuildPhase;
			buildActionMask = 2147483647;
			files = (
				C971161B1E23005800BE4506 /* LaunchScreen.storyboard in Resources */,
				C97116181E23005800BE4506 /* Assets.xcassets in Resources */,
				C97116161E23005800BE4506 /* Main.storyboard in Resources */,
				C9499B111E23277F0038C948 /* whistle.wav in Resources */,
			);
			runOnlyForDeploymentPostprocessing = 0;
		};
		C971161F1E23005900BE4506 /* Resources */ = {
			isa = PBXResourcesBuildPhase;
			buildActionMask = 2147483647;
			files = (
			);
			runOnlyForDeploymentPostprocessing = 0;
		};
		C971162A1E23005900BE4506 /* Resources */ = {
			isa = PBXResourcesBuildPhase;
			buildActionMask = 2147483647;
			files = (
			);
			runOnlyForDeploymentPostprocessing = 0;
		};
/* End PBXResourcesBuildPhase section */

/* Begin PBXShellScriptBuildPhase section */
		43D1D5B1C8982E4769D96EB1 /* [CP] Check Pods Manifest.lock */ = {
			isa = PBXShellScriptBuildPhase;
			buildActionMask = 2147483647;
			files = (
			);
			inputPaths = (
			);
			name = "[CP] Check Pods Manifest.lock";
			outputPaths = (
			);
			runOnlyForDeploymentPostprocessing = 0;
			shellPath = /bin/sh;
			shellScript = "diff \"${PODS_ROOT}/../Podfile.lock\" \"${PODS_ROOT}/Manifest.lock\" > /dev/null\nif [ $? != 0 ] ; then\n    # print error to STDERR\n    echo \"error: The sandbox is not in sync with the Podfile.lock. Run 'pod install' or update your CocoaPods installation.\" >&2\n    exit 1\nfi\n";
			showEnvVarsInLog = 0;
		};
		9EA4FBA88B3E8A5CA007E7B3 /* [CP] Copy Pods Resources */ = {
			isa = PBXShellScriptBuildPhase;
			buildActionMask = 2147483647;
			files = (
			);
			inputPaths = (
			);
			name = "[CP] Copy Pods Resources";
			outputPaths = (
			);
			runOnlyForDeploymentPostprocessing = 0;
			shellPath = /bin/sh;
			shellScript = "\"${SRCROOT}/Pods/Target Support Files/Pods-camtest1/Pods-camtest1-resources.sh\"\n";
			showEnvVarsInLog = 0;
		};
		A7EEBC941C6322F49D8771B0 /* [CP] Embed Pods Frameworks */ = {
			isa = PBXShellScriptBuildPhase;
			buildActionMask = 2147483647;
			files = (
			);
			inputPaths = (
			);
			name = "[CP] Embed Pods Frameworks";
			outputPaths = (
			);
			runOnlyForDeploymentPostprocessing = 0;
			shellPath = /bin/sh;
			shellScript = "\"${SRCROOT}/Pods/Target Support Files/Pods-camtest1/Pods-camtest1-frameworks.sh\"\n";
			showEnvVarsInLog = 0;
		};
/* End PBXShellScriptBuildPhase section */

/* Begin PBXSourcesBuildPhase section */
		C97116091E23005800BE4506 /* Sources */ = {
			isa = PBXSourcesBuildPhase;
			buildActionMask = 2147483647;
			files = (
				C97116131E23005800BE4506 /* ViewController.swift in Sources */,
				C9C9BFDC1E230BB300CC3786 /* ImageViewController.swift in Sources */,
				C97116111E23005800BE4506 /* AppDelegate.swift in Sources */,
			);
			runOnlyForDeploymentPostprocessing = 0;
		};
		C971161D1E23005900BE4506 /* Sources */ = {
			isa = PBXSourcesBuildPhase;
			buildActionMask = 2147483647;
			files = (
				C97116261E23005900BE4506 /* camtest1Tests.swift in Sources */,
			);
			runOnlyForDeploymentPostprocessing = 0;
		};
		C97116281E23005900BE4506 /* Sources */ = {
			isa = PBXSourcesBuildPhase;
			buildActionMask = 2147483647;
			files = (
				C97116311E23005900BE4506 /* camtest1UITests.swift in Sources */,
			);
			runOnlyForDeploymentPostprocessing = 0;
		};
/* End PBXSourcesBuildPhase section */

/* Begin PBXTargetDependency section */
		C97116231E23005900BE4506 /* PBXTargetDependency */ = {
			isa = PBXTargetDependency;
			target = C971160C1E23005800BE4506 /* camtest1 */;
			targetProxy = C97116221E23005900BE4506 /* PBXContainerItemProxy */;
		};
		C971162E1E23005900BE4506 /* PBXTargetDependency */ = {
			isa = PBXTargetDependency;
			target = C971160C1E23005800BE4506 /* camtest1 */;
			targetProxy = C971162D1E23005900BE4506 /* PBXContainerItemProxy */;
		};
/* End PBXTargetDependency section */

/* Begin PBXVariantGroup section */
		C97116141E23005800BE4506 /* Main.storyboard */ = {
			isa = PBXVariantGroup;
			children = (
				C97116151E23005800BE4506 /* Base */,
			);
			name = Main.storyboard;
			sourceTree = "<group>";
		};
		C97116191E23005800BE4506 /* LaunchScreen.storyboard */ = {
			isa = PBXVariantGroup;
			children = (
				C971161A1E23005800BE4506 /* Base */,
			);
			name = LaunchScreen.storyboard;
			sourceTree = "<group>";
		};
/* End PBXVariantGroup section */

/* Begin XCBuildConfiguration section */
		C97116331E23005900BE4506 /* Debug */ = {
			isa = XCBuildConfiguration;
			buildSettings = {
				ALWAYS_SEARCH_USER_PATHS = NO;
				CLANG_ANALYZER_NONNULL = YES;
				CLANG_CXX_LANGUAGE_STANDARD = "gnu++0x";
				CLANG_CXX_LIBRARY = "libc++";
				CLANG_ENABLE_MODULES = YES;
				CLANG_ENABLE_OBJC_ARC = YES;
				CLANG_WARN_BOOL_CONVERSION = YES;
				CLANG_WARN_CONSTANT_CONVERSION = YES;
				CLANG_WARN_DIRECT_OBJC_ISA_USAGE = YES_ERROR;
				CLANG_WARN_DOCUMENTATION_COMMENTS = YES;
				CLANG_WARN_EMPTY_BODY = YES;
				CLANG_WARN_ENUM_CONVERSION = YES;
				CLANG_WARN_INFINITE_RECURSION = YES;
				CLANG_WARN_INT_CONVERSION = YES;
				CLANG_WARN_OBJC_ROOT_CLASS = YES_ERROR;
				CLANG_WARN_SUSPICIOUS_MOVE = YES;
				CLANG_WARN_SUSPICIOUS_MOVES = YES;
				CLANG_WARN_UNREACHABLE_CODE = YES;
				CLANG_WARN__DUPLICATE_METHOD_MATCH = YES;
				"CODE_SIGN_IDENTITY[sdk=iphoneos*]" = "iPhone Developer";
				COPY_PHASE_STRIP = NO;
				DEBUG_INFORMATION_FORMAT = dwarf;
				ENABLE_STRICT_OBJC_MSGSEND = YES;
				ENABLE_TESTABILITY = YES;
				GCC_C_LANGUAGE_STANDARD = gnu99;
				GCC_DYNAMIC_NO_PIC = NO;
				GCC_NO_COMMON_BLOCKS = YES;
				GCC_OPTIMIZATION_LEVEL = 0;
				GCC_PREPROCESSOR_DEFINITIONS = (
					"DEBUG=1",
					"$(inherited)",
				);
				GCC_WARN_64_TO_32_BIT_CONVERSION = YES;
				GCC_WARN_ABOUT_RETURN_TYPE = YES_ERROR;
				GCC_WARN_UNDECLARED_SELECTOR = YES;
				GCC_WARN_UNINITIALIZED_AUTOS = YES_AGGRESSIVE;
				GCC_WARN_UNUSED_FUNCTION = YES;
				GCC_WARN_UNUSED_VARIABLE = YES;
				IPHONEOS_DEPLOYMENT_TARGET = 10.1;
				MTL_ENABLE_DEBUG_INFO = YES;
				ONLY_ACTIVE_ARCH = YES;
				SDKROOT = iphoneos;
				SWIFT_ACTIVE_COMPILATION_CONDITIONS = DEBUG;
				SWIFT_OPTIMIZATION_LEVEL = "-Onone";
				TARGETED_DEVICE_FAMILY = "1,2";
			};
			name = Debug;
		};
		C97116341E23005900BE4506 /* Release */ = {
			isa = XCBuildConfiguration;
			buildSettings = {
				ALWAYS_SEARCH_USER_PATHS = NO;
				CLANG_ANALYZER_NONNULL = YES;
				CLANG_CXX_LANGUAGE_STANDARD = "gnu++0x";
				CLANG_CXX_LIBRARY = "libc++";
				CLANG_ENABLE_MODULES = YES;
				CLANG_ENABLE_OBJC_ARC = YES;
				CLANG_WARN_BOOL_CONVERSION = YES;
				CLANG_WARN_CONSTANT_CONVERSION = YES;
				CLANG_WARN_DIRECT_OBJC_ISA_USAGE = YES_ERROR;
				CLANG_WARN_DOCUMENTATION_COMMENTS = YES;
				CLANG_WARN_EMPTY_BODY = YES;
				CLANG_WARN_ENUM_CONVERSION = YES;
				CLANG_WARN_INFINITE_RECURSION = YES;
				CLANG_WARN_INT_CONVERSION = YES;
				CLANG_WARN_OBJC_ROOT_CLASS = YES_ERROR;
				CLANG_WARN_SUSPICIOUS_MOVE = YES;
				CLANG_WARN_SUSPICIOUS_MOVES = YES;
				CLANG_WARN_UNREACHABLE_CODE = YES;
				CLANG_WARN__DUPLICATE_METHOD_MATCH = YES;
				"CODE_SIGN_IDENTITY[sdk=iphoneos*]" = "iPhone Developer";
				COPY_PHASE_STRIP = NO;
				DEBUG_INFORMATION_FORMAT = "dwarf-with-dsym";
				ENABLE_NS_ASSERTIONS = NO;
				ENABLE_STRICT_OBJC_MSGSEND = YES;
				GCC_C_LANGUAGE_STANDARD = gnu99;
				GCC_NO_COMMON_BLOCKS = YES;
				GCC_WARN_64_TO_32_BIT_CONVERSION = YES;
				GCC_WARN_ABOUT_RETURN_TYPE = YES_ERROR;
				GCC_WARN_UNDECLARED_SELECTOR = YES;
				GCC_WARN_UNINITIALIZED_AUTOS = YES_AGGRESSIVE;
				GCC_WARN_UNUSED_FUNCTION = YES;
				GCC_WARN_UNUSED_VARIABLE = YES;
				IPHONEOS_DEPLOYMENT_TARGET = 10.1;
				MTL_ENABLE_DEBUG_INFO = NO;
				SDKROOT = iphoneos;
				SWIFT_OPTIMIZATION_LEVEL = "-Owholemodule";
				TARGETED_DEVICE_FAMILY = "1,2";
				VALIDATE_PRODUCT = YES;
			};
			name = Release;
		};
		C97116361E23005900BE4506 /* Debug */ = {
			isa = XCBuildConfiguration;
			baseConfigurationReference = BAEB8ED5BA342C33858F2499 /* Pods-camtest1.debug.xcconfig */;
			buildSettings = {
				ALWAYS_EMBED_SWIFT_STANDARD_LIBRARIES = YES;
				ASSETCATALOG_COMPILER_APPICON_NAME = AppIcon;
				DEVELOPMENT_TEAM = HW39442X24;
				INFOPLIST_FILE = camtest1/Info.plist;
				LD_RUNPATH_SEARCH_PATHS = "$(inherited) @executable_path/Frameworks";
				PRODUCT_BUNDLE_IDENTIFIER = com.boulevardlabs.camtest1;
				PRODUCT_NAME = "$(TARGET_NAME)";
				SWIFT_VERSION = 3.0;
			};
			name = Debug;
		};
		C97116371E23005900BE4506 /* Release */ = {
			isa = XCBuildConfiguration;
			baseConfigurationReference = D81DE55ABB44C6066E1AC7BC /* Pods-camtest1.release.xcconfig */;
			buildSettings = {
				ALWAYS_EMBED_SWIFT_STANDARD_LIBRARIES = YES;
				ASSETCATALOG_COMPILER_APPICON_NAME = AppIcon;
				DEVELOPMENT_TEAM = HW39442X24;
				INFOPLIST_FILE = camtest1/Info.plist;
				LD_RUNPATH_SEARCH_PATHS = "$(inherited) @executable_path/Frameworks";
				PRODUCT_BUNDLE_IDENTIFIER = com.boulevardlabs.camtest1;
				PRODUCT_NAME = "$(TARGET_NAME)";
				SWIFT_VERSION = 3.0;
			};
			name = Release;
		};
		C97116391E23005900BE4506 /* Debug */ = {
			isa = XCBuildConfiguration;
			buildSettings = {
				ALWAYS_EMBED_SWIFT_STANDARD_LIBRARIES = YES;
				BUNDLE_LOADER = "$(TEST_HOST)";
				DEVELOPMENT_TEAM = HW39442X24;
				INFOPLIST_FILE = camtest1Tests/Info.plist;
				LD_RUNPATH_SEARCH_PATHS = "$(inherited) @executable_path/Frameworks @loader_path/Frameworks";
				PRODUCT_BUNDLE_IDENTIFIER = com.boulevardlabs.camtest1Tests;
				PRODUCT_NAME = "$(TARGET_NAME)";
				SWIFT_VERSION = 3.0;
				TEST_HOST = "$(BUILT_PRODUCTS_DIR)/camtest1.app/camtest1";
			};
			name = Debug;
		};
		C971163A1E23005900BE4506 /* Release */ = {
			isa = XCBuildConfiguration;
			buildSettings = {
				ALWAYS_EMBED_SWIFT_STANDARD_LIBRARIES = YES;
				BUNDLE_LOADER = "$(TEST_HOST)";
				DEVELOPMENT_TEAM = HW39442X24;
				INFOPLIST_FILE = camtest1Tests/Info.plist;
				LD_RUNPATH_SEARCH_PATHS = "$(inherited) @executable_path/Frameworks @loader_path/Frameworks";
				PRODUCT_BUNDLE_IDENTIFIER = com.boulevardlabs.camtest1Tests;
				PRODUCT_NAME = "$(TARGET_NAME)";
				SWIFT_VERSION = 3.0;
				TEST_HOST = "$(BUILT_PRODUCTS_DIR)/camtest1.app/camtest1";
			};
			name = Release;
		};
		C971163C1E23005900BE4506 /* Debug */ = {
			isa = XCBuildConfiguration;
			buildSettings = {
				ALWAYS_EMBED_SWIFT_STANDARD_LIBRARIES = YES;
				DEVELOPMENT_TEAM = HW39442X24;
				INFOPLIST_FILE = camtest1UITests/Info.plist;
				LD_RUNPATH_SEARCH_PATHS = "$(inherited) @executable_path/Frameworks @loader_path/Frameworks";
				PRODUCT_BUNDLE_IDENTIFIER = com.boulevardlabs.camtest1UITests;
				PRODUCT_NAME = "$(TARGET_NAME)";
				SWIFT_VERSION = 3.0;
				TEST_TARGET_NAME = camtest1;
			};
			name = Debug;
		};
		C971163D1E23005900BE4506 /* Release */ = {
			isa = XCBuildConfiguration;
			buildSettings = {
				ALWAYS_EMBED_SWIFT_STANDARD_LIBRARIES = YES;
				DEVELOPMENT_TEAM = HW39442X24;
				INFOPLIST_FILE = camtest1UITests/Info.plist;
				LD_RUNPATH_SEARCH_PATHS = "$(inherited) @executable_path/Frameworks @loader_path/Frameworks";
				PRODUCT_BUNDLE_IDENTIFIER = com.boulevardlabs.camtest1UITests;
				PRODUCT_NAME = "$(TARGET_NAME)";
				SWIFT_VERSION = 3.0;
				TEST_TARGET_NAME = camtest1;
			};
			name = Release;
		};
/* End XCBuildConfiguration section */

/* Begin XCConfigurationList section */
		C97116081E23005700BE4506 /* Build configuration list for PBXProject "camtest1" */ = {
			isa = XCConfigurationList;
			buildConfigurations = (
				C97116331E23005900BE4506 /* Debug */,
				C97116341E23005900BE4506 /* Release */,
			);
			defaultConfigurationIsVisible = 0;
			defaultConfigurationName = Release;
		};
		C97116351E23005900BE4506 /* Build configuration list for PBXNativeTarget "camtest1" */ = {
			isa = XCConfigurationList;
			buildConfigurations = (
				C97116361E23005900BE4506 /* Debug */,
				C97116371E23005900BE4506 /* Release */,
			);
			defaultConfigurationIsVisible = 0;
			defaultConfigurationName = Release;
		};
		C97116381E23005900BE4506 /* Build configuration list for PBXNativeTarget "camtest1Tests" */ = {
			isa = XCConfigurationList;
			buildConfigurations = (
				C97116391E23005900BE4506 /* Debug */,
				C971163A1E23005900BE4506 /* Release */,
			);
			defaultConfigurationIsVisible = 0;
			defaultConfigurationName = Release;
		};
		C971163B1E23005900BE4506 /* Build configuration list for PBXNativeTarget "camtest1UITests" */ = {
			isa = XCConfigurationList;
			buildConfigurations = (
				C971163C1E23005900BE4506 /* Debug */,
				C971163D1E23005900BE4506 /* Release */,
			);
			defaultConfigurationIsVisible = 0;
			defaultConfigurationName = Release;
		};
/* End XCConfigurationList section */
	};
	rootObject = C97116051E23005700BE4506 /* Project object */;
}
